PODS:
  - CocoaAsyncSocket (7.3.5)
  - CPAProxy (1.0.0):
    - CocoaAsyncSocket

DEPENDENCIES:
  - CPAProxy (from `./CPAProxy.podspec`)

EXTERNAL SOURCES:
  CPAProxy:
    :path: ./CPAProxy.podspec

SPEC CHECKSUMS:
  CocoaAsyncSocket: 94c582a5bef4bb0f51b6ebf3e1b561d9091a68ba
  CPAProxy: 2f0d2ef592b28e0686b5a100ad663bdd3e51900b

COCOAPODS: 0.36.0
